
Microsoft Visual Studio Solution File, Format Version 12.00
# Visual Studio Version 17
VisualStudioVersion = 17.9.34728.123
MinimumVisualStudioVersion = 10.0.40219.1
Project("{FAE04EC0-301F-11D3-BF4B-00C04F79EFBC}") = "136. 只出现一次的数字", "136. 只出现一次的数字.csproj", "{7164B08C-F8B5-4B01-AEF6-4D87DA6C4F45}"
EndProject
Global
	GlobalSection(SolutionConfigurationPlatforms) = preSolution
		Debug|Any CPU = Debug|Any CPU
		Release|Any CPU = Release|Any CPU
	EndGlobalSection
	GlobalSection(ProjectConfigurationPlatforms) = postSolution
		{7164B08C-F8B5-4B01-AEF6-4D87DA6C4F45}.Debug|Any CPU.ActiveCfg = Debug|Any CPU
		{7164B08C-F8B5-4B01-AEF6-4D87DA6C4F45}.Debug|Any CPU.Build.0 = Debug|Any CPU
		{7164B08C-F8B5-4B01-AEF6-4D87DA6C4F45}.Release|Any CPU.ActiveCfg = Release|Any CPU
		{7164B08C-F8B5-4B01-AEF6-4D87DA6C4F45}.Release|Any CPU.Build.0 = Release|Any CPU
	EndGlobalSection
	GlobalSection(SolutionProperties) = preSolution
		HideSolutionNode = FALSE
	EndGlobalSection
	GlobalSection(ExtensibilityGlobals) = postSolution
		SolutionGuid = {C38ADC4E-AFCA-45F7-84FD-7EC8E6EC66E3}
	EndGlobalSection
EndGlobal
