
Microsoft Visual Studio Solution File, Format Version 12.00
# Visual Studio Version 17
VisualStudioVersion = 17.9.34728.123
MinimumVisualStudioVersion = 10.0.40219.1
Project("{FAE04EC0-301F-11D3-BF4B-00C04F79EFBC}") = "14. 最长公共前缀", "14. 最长公共前缀.csproj", "{5ED2A3CC-636F-4AA3-9735-8B2F3A1F0495}"
EndProject
Global
	GlobalSection(SolutionConfigurationPlatforms) = preSolution
		Debug|Any CPU = Debug|Any CPU
		Release|Any CPU = Release|Any CPU
	EndGlobalSection
	GlobalSection(ProjectConfigurationPlatforms) = postSolution
		{5ED2A3CC-636F-4AA3-9735-8B2F3A1F0495}.Debug|Any CPU.ActiveCfg = Debug|Any CPU
		{5ED2A3CC-636F-4AA3-9735-8B2F3A1F0495}.Debug|Any CPU.Build.0 = Debug|Any CPU
		{5ED2A3CC-636F-4AA3-9735-8B2F3A1F0495}.Release|Any CPU.ActiveCfg = Release|Any CPU
		{5ED2A3CC-636F-4AA3-9735-8B2F3A1F0495}.Release|Any CPU.Build.0 = Release|Any CPU
	EndGlobalSection
	GlobalSection(SolutionProperties) = preSolution
		HideSolutionNode = FALSE
	EndGlobalSection
	GlobalSection(ExtensibilityGlobals) = postSolution
		SolutionGuid = {097D0F24-8CAA-4CAE-8C42-4882991CBD97}
	EndGlobalSection
EndGlobal
