
Microsoft Visual Studio Solution File, Format Version 12.00
# Visual Studio Version 17
VisualStudioVersion = 17.12.35527.113 d17.12
MinimumVisualStudioVersion = 10.0.40219.1
Project("{FAE04EC0-301F-11D3-BF4B-00C04F79EFBC}") = "121. 买卖股票的最佳时机", "121. 买卖股票的最佳时机.csproj", "{27430613-E14F-4698-9151-3001A9BD51E0}"
EndProject
Global
	GlobalSection(SolutionConfigurationPlatforms) = preSolution
		Debug|Any CPU = Debug|Any CPU
		Release|Any CPU = Release|Any CPU
	EndGlobalSection
	GlobalSection(ProjectConfigurationPlatforms) = postSolution
		{27430613-E14F-4698-9151-3001A9BD51E0}.Debug|Any CPU.ActiveCfg = Debug|Any CPU
		{27430613-E14F-4698-9151-3001A9BD51E0}.Debug|Any CPU.Build.0 = Debug|Any CPU
		{27430613-E14F-4698-9151-3001A9BD51E0}.Release|Any CPU.ActiveCfg = Release|Any CPU
		{27430613-E14F-4698-9151-3001A9BD51E0}.Release|Any CPU.Build.0 = Release|Any CPU
	EndGlobalSection
	GlobalSection(SolutionProperties) = preSolution
		HideSolutionNode = FALSE
	EndGlobalSection
EndGlobal
