
Microsoft Visual Studio Solution File, Format Version 12.00
# Visual Studio Version 16
VisualStudioVersion = 16.0.29418.71
MinimumVisualStudioVersion = 10.0.40219.1
Project("{FAE04EC0-301F-11D3-BF4B-00C04F79EFBC}") = "946.CheckStackOrder", "946.CheckStackOrder\946.CheckStackOrder.csproj", "{635294F1-BE8B-4531-88D1-9B0192EF736F}"
EndProject
Global
	GlobalSection(SolutionConfigurationPlatforms) = preSolution
		Debug|Any CPU = Debug|Any CPU
		Release|Any CPU = Release|Any CPU
	EndGlobalSection
	GlobalSection(ProjectConfigurationPlatforms) = postSolution
		{635294F1-BE8B-4531-88D1-9B0192EF736F}.Debug|Any CPU.ActiveCfg = Debug|Any CPU
		{635294F1-BE8B-4531-88D1-9B0192EF736F}.Debug|Any CPU.Build.0 = Debug|Any CPU
		{635294F1-BE8B-4531-88D1-9B0192EF736F}.Release|Any CPU.ActiveCfg = Release|Any CPU
		{635294F1-BE8B-4531-88D1-9B0192EF736F}.Release|Any CPU.Build.0 = Release|Any CPU
	EndGlobalSection
	GlobalSection(SolutionProperties) = preSolution
		HideSolutionNode = FALSE
	EndGlobalSection
	GlobalSection(ExtensibilityGlobals) = postSolution
		SolutionGuid = {B22E67F1-3348-4B73-8020-C30F4FE5BA1D}
	EndGlobalSection
EndGlobal
