
Microsoft Visual Studio Solution File, Format Version 12.00
# Visual Studio Version 17
VisualStudioVersion = 17.9.34728.123
MinimumVisualStudioVersion = 10.0.40219.1
Project("{FAE04EC0-301F-11D3-BF4B-00C04F79EFBC}") = "数字三角形", "数字三角形.csproj", "{6F2123D2-28E6-469E-B7C3-50F388E2E19C}"
EndProject
Global
	GlobalSection(SolutionConfigurationPlatforms) = preSolution
		Debug|Any CPU = Debug|Any CPU
		Release|Any CPU = Release|Any CPU
	EndGlobalSection
	GlobalSection(ProjectConfigurationPlatforms) = postSolution
		{6F2123D2-28E6-469E-B7C3-50F388E2E19C}.Debug|Any CPU.ActiveCfg = Debug|Any CPU
		{6F2123D2-28E6-469E-B7C3-50F388E2E19C}.Debug|Any CPU.Build.0 = Debug|Any CPU
		{6F2123D2-28E6-469E-B7C3-50F388E2E19C}.Release|Any CPU.ActiveCfg = Release|Any CPU
		{6F2123D2-28E6-469E-B7C3-50F388E2E19C}.Release|Any CPU.Build.0 = Release|Any CPU
	EndGlobalSection
	GlobalSection(SolutionProperties) = preSolution
		HideSolutionNode = FALSE
	EndGlobalSection
	GlobalSection(ExtensibilityGlobals) = postSolution
		SolutionGuid = {DFA4EC22-45CA-420D-AE69-671BD083C8B6}
	EndGlobalSection
EndGlobal
