
Microsoft Visual Studio Solution File, Format Version 12.00
# Visual Studio Version 16
VisualStudioVersion = 16.0.33920.266
MinimumVisualStudioVersion = 10.0.40219.1
Project("{FAE04EC0-301F-11D3-BF4B-00C04F79EFBC}") = "Sort", "Sort\Sort.csproj", "{4DB6E608-C9C2-45A7-A5AA-49D0828BB8F5}"
EndProject
Global
	GlobalSection(SolutionConfigurationPlatforms) = preSolution
		Debug|Any CPU = Debug|Any CPU
		Release|Any CPU = Release|Any CPU
	EndGlobalSection
	GlobalSection(ProjectConfigurationPlatforms) = postSolution
		{4DB6E608-C9C2-45A7-A5AA-49D0828BB8F5}.Debug|Any CPU.ActiveCfg = Debug|Any CPU
		{4DB6E608-C9C2-45A7-A5AA-49D0828BB8F5}.Debug|Any CPU.Build.0 = Debug|Any CPU
		{4DB6E608-C9C2-45A7-A5AA-49D0828BB8F5}.Release|Any CPU.ActiveCfg = Release|Any CPU
		{4DB6E608-C9C2-45A7-A5AA-49D0828BB8F5}.Release|Any CPU.Build.0 = Release|Any CPU
	EndGlobalSection
	GlobalSection(SolutionProperties) = preSolution
		HideSolutionNode = FALSE
	EndGlobalSection
	GlobalSection(ExtensibilityGlobals) = postSolution
		SolutionGuid = {3C4B8C6A-7ADA-48BB-AD55-2B2069FA28FF}
	EndGlobalSection
EndGlobal
