
Microsoft Visual Studio Solution File, Format Version 12.00
# Visual Studio Version 17
VisualStudioVersion = 17.9.34728.123
MinimumVisualStudioVersion = 10.0.40219.1
Project("{FAE04EC0-301F-11D3-BF4B-00C04F79EFBC}") = "509. 斐波那契数", "509. 斐波那契数.csproj", "{37F1630E-C625-4464-929A-FEF320207C55}"
EndProject
Global
	GlobalSection(SolutionConfigurationPlatforms) = preSolution
		Debug|Any CPU = Debug|Any CPU
		Release|Any CPU = Release|Any CPU
	EndGlobalSection
	GlobalSection(ProjectConfigurationPlatforms) = postSolution
		{37F1630E-C625-4464-929A-FEF320207C55}.Debug|Any CPU.ActiveCfg = Debug|Any CPU
		{37F1630E-C625-4464-929A-FEF320207C55}.Debug|Any CPU.Build.0 = Debug|Any CPU
		{37F1630E-C625-4464-929A-FEF320207C55}.Release|Any CPU.ActiveCfg = Release|Any CPU
		{37F1630E-C625-4464-929A-FEF320207C55}.Release|Any CPU.Build.0 = Release|Any CPU
	EndGlobalSection
	GlobalSection(SolutionProperties) = preSolution
		HideSolutionNode = FALSE
	EndGlobalSection
	GlobalSection(ExtensibilityGlobals) = postSolution
		SolutionGuid = {7D879878-392A-4098-B5DC-3CAD6EF68E8A}
	EndGlobalSection
EndGlobal
