
Microsoft Visual Studio Solution File, Format Version 12.00
# Visual Studio Version 17
VisualStudioVersion = 17.9.34728.123
MinimumVisualStudioVersion = 10.0.40219.1
Project("{FAE04EC0-301F-11D3-BF4B-00C04F79EFBC}") = "108. 将有序数组转换为二叉搜索树", "108. 将有序数组转换为二叉搜索树.csproj", "{A175873B-3281-4914-AD96-E4892CE5A19F}"
EndProject
Global
	GlobalSection(SolutionConfigurationPlatforms) = preSolution
		Debug|Any CPU = Debug|Any CPU
		Release|Any CPU = Release|Any CPU
	EndGlobalSection
	GlobalSection(ProjectConfigurationPlatforms) = postSolution
		{A175873B-3281-4914-AD96-E4892CE5A19F}.Debug|Any CPU.ActiveCfg = Debug|Any CPU
		{A175873B-3281-4914-AD96-E4892CE5A19F}.Debug|Any CPU.Build.0 = Debug|Any CPU
		{A175873B-3281-4914-AD96-E4892CE5A19F}.Release|Any CPU.ActiveCfg = Release|Any CPU
		{A175873B-3281-4914-AD96-E4892CE5A19F}.Release|Any CPU.Build.0 = Release|Any CPU
	EndGlobalSection
	GlobalSection(SolutionProperties) = preSolution
		HideSolutionNode = FALSE
	EndGlobalSection
	GlobalSection(ExtensibilityGlobals) = postSolution
		SolutionGuid = {4090B5B5-ABCE-4410-B6CB-5905811B39B9}
	EndGlobalSection
EndGlobal
